// !$*UTF8*$!
{
	archiveVersion = 1;
	classes = {
	};
	objectVersion = 46;
	objects = {

/* Begin PBXBuildFile section */
		DB04214414621181000740DE /* UIKit.framework in Frameworks */ = {isa = PBXBuildFile; fileRef = DB04214314621181000740DE /* UIKit.framework */; };
		DB04214614621181000740DE /* Foundation.framework in Frameworks */ = {isa = PBXBuildFile; fileRef = DB04214514621181000740DE /* Foundation.framework */; };
		DB04214814621181000740DE /* CoreGraphics.framework in Frameworks */ = {isa = PBXBuildFile; fileRef = DB04214714621181000740DE /* CoreGraphics.framework */; };
		DB04214E14621181000740DE /* InfoPlist.strings in Resources */ = {isa = PBXBuildFile; fileRef = DB04214C14621181000740DE /* InfoPlist.strings */; };
		DB04215014621181000740DE /* main.m in Sources */ = {isa = PBXBuildFile; fileRef = DB04214F14621181000740DE /* main.m */; };
		DB04215414621181000740DE /* AppDelegate.m in Sources */ = {isa = PBXBuildFile; fileRef = DB04215314621181000740DE /* AppDelegate.m */; };
		DB04215714621181000740DE /* ViewController.m in Sources */ = {isa = PBXBuildFile; fileRef = DB04215614621181000740DE /* ViewController.m */; };
		DB04215A14621181000740DE /* ViewController.xib in Resources */ = {isa = PBXBuildFile; fileRef = DB04215814621181000740DE /* ViewController.xib */; };
		DB04217714621262000740DE /* avatar-generic-duck.png in Resources */ = {isa = PBXBuildFile; fileRef = DB04216614621262000740DE /* avatar-generic-duck.png */; };
		DB04217814621262000740DE /* background.jpg in Resources */ = {isa = PBXBuildFile; fileRef = DB04216714621262000740DE /* background.jpg */; };
		DB04217914621262000740DE /* badge-quackcast.png in Resources */ = {isa = PBXBuildFile; fileRef = DB04216814621262000740DE /* badge-quackcast.png */; };
		DB04217A14621262000740DE /* badge-twitter.png in Resources */ = {isa = PBXBuildFile; fileRef = DB04216914621262000740DE /* badge-twitter.png */; };
		DB04217B14621262000740DE /* bluesearchbutton.png in Resources */ = {isa = PBXBuildFile; fileRef = DB04216A14621262000740DE /* bluesearchbutton.png */; };
		DB04217C14621262000740DE /* DD-temp-podcast-badge.png in Resources */ = {isa = PBXBuildFile; fileRef = DB04216B14621262000740DE /* DD-temp-podcast-badge.png */; };
		DB04217D14621262000740DE /* drunk_duck_on_twitter.png in Resources */ = {isa = PBXBuildFile; fileRef = DB04216C14621262000740DE /* drunk_duck_on_twitter.png */; };
		DB04217E14621262000740DE /* drunkduck_favicon.png in Resources */ = {isa = PBXBuildFile; fileRef = DB04216D14621262000740DE /* drunkduck_favicon.png */; };
		DB04217F14621262000740DE /* drunkducklogo.png in Resources */ = {isa = PBXBuildFile; fileRef = DB04216E14621262000740DE /* drunkducklogo.png */; };
		DB04218014621262000740DE /* egg-logo-small.png in Resources */ = {isa = PBXBuildFile; fileRef = DB04216F14621262000740DE /* egg-logo-small.png */; };
		DB04218114621262000740DE /* egg-logo.png in Resources */ = {isa = PBXBuildFile; fileRef = DB04217014621262000740DE /* egg-logo.png */; };
		DB04218214621262000740DE /* quackcast-logo-sm.png in Resources */ = {isa = PBXBuildFile; fileRef = DB04217114621262000740DE /* quackcast-logo-sm.png */; };
		DB04218314621262000740DE /* quackcast-pagebadge.png in Resources */ = {isa = PBXBuildFile; fileRef = DB04217214621262000740DE /* quackcast-pagebadge.png */; };
		DB04218414621262000740DE /* quackcast.png in Resources */ = {isa = PBXBuildFile; fileRef = DB04217314621262000740DE /* quackcast.png */; };
		DB04218514621262000740DE /* rss-badge.png in Resources */ = {isa = PBXBuildFile; fileRef = DB04217414621262000740DE /* rss-badge.png */; };
		DB04218614621262000740DE /* Icon.png in Resources */ = {isa = PBXBuildFile; fileRef = DB04217514621262000740DE /* Icon.png */; };
		DB04218714621262000740DE /* twitter-badge.png in Resources */ = {isa = PBXBuildFile; fileRef = DB04217614621262000740DE /* twitter-badge.png */; };
		DB167AFE1463112F0037DA52 /* CoreData.framework in Frameworks */ = {isa = PBXBuildFile; fileRef = DB167AFD1463112F0037DA52 /* CoreData.framework */; };
		DB167B191463195D0037DA52 /* NSObject+SBJson.m in Sources */ = {isa = PBXBuildFile; fileRef = DB167B011463195D0037DA52 /* NSObject+SBJson.m */; };
		DB167B1A1463195D0037DA52 /* SBJsonParser.m in Sources */ = {isa = PBXBuildFile; fileRef = DB167B041463195D0037DA52 /* SBJsonParser.m */; };
		DB167B1B1463195D0037DA52 /* SBJsonStreamParser.m in Sources */ = {isa = PBXBuildFile; fileRef = DB167B061463195D0037DA52 /* SBJsonStreamParser.m */; };
		DB167B1C1463195D0037DA52 /* SBJsonStreamParserAccumulator.m in Sources */ = {isa = PBXBuildFile; fileRef = DB167B081463195D0037DA52 /* SBJsonStreamParserAccumulator.m */; };
		DB167B1D1463195D0037DA52 /* SBJsonStreamParserAdapter.m in Sources */ = {isa = PBXBuildFile; fileRef = DB167B0A1463195D0037DA52 /* SBJsonStreamParserAdapter.m */; };
		DB167B1E1463195D0037DA52 /* SBJsonStreamParserState.m in Sources */ = {isa = PBXBuildFile; fileRef = DB167B0C1463195D0037DA52 /* SBJsonStreamParserState.m */; };
		DB167B1F1463195D0037DA52 /* SBJsonStreamWriter.m in Sources */ = {isa = PBXBuildFile; fileRef = DB167B0E1463195D0037DA52 /* SBJsonStreamWriter.m */; };
		DB167B201463195D0037DA52 /* SBJsonStreamWriterAccumulator.m in Sources */ = {isa = PBXBuildFile; fileRef = DB167B101463195D0037DA52 /* SBJsonStreamWriterAccumulator.m */; };
		DB167B211463195D0037DA52 /* SBJsonStreamWriterState.m in Sources */ = {isa = PBXBuildFile; fileRef = DB167B121463195D0037DA52 /* SBJsonStreamWriterState.m */; };
		DB167B221463195D0037DA52 /* SBJsonTokeniser.m in Sources */ = {isa = PBXBuildFile; fileRef = DB167B141463195D0037DA52 /* SBJsonTokeniser.m */; };
		DB167B231463195D0037DA52 /* SBJsonUTF8Stream.m in Sources */ = {isa = PBXBuildFile; fileRef = DB167B161463195D0037DA52 /* SBJsonUTF8Stream.m */; };
		DB167B241463195D0037DA52 /* SBJsonWriter.m in Sources */ = {isa = PBXBuildFile; fileRef = DB167B181463195D0037DA52 /* SBJsonWriter.m */; };
		DB73CA8D14624D3400FF339F /* Reachability.m in Sources */ = {isa = PBXBuildFile; fileRef = DB73CA8C14624D3400FF339F /* Reachability.m */; };
		DB9AAC0214621B7600EE84F1 /* ListController.m in Sources */ = {isa = PBXBuildFile; fileRef = DB9AAC0014621B7600EE84F1 /* ListController.m */; };
		DB9AAC0314621B7600EE84F1 /* ListController.xib in Resources */ = {isa = PBXBuildFile; fileRef = DB9AAC0114621B7600EE84F1 /* ListController.xib */; };
		DB9AAC091462224C00EE84F1 /* DetailController.m in Sources */ = {isa = PBXBuildFile; fileRef = DB9AAC071462224C00EE84F1 /* DetailController.m */; };
		DB9AAC0A1462224C00EE84F1 /* DetailController.xib in Resources */ = {isa = PBXBuildFile; fileRef = DB9AAC081462224C00EE84F1 /* DetailController.xib */; };
		DB9AAC491462292300EE84F1 /* CFNetwork.framework in Frameworks */ = {isa = PBXBuildFile; fileRef = DB9AAC481462292300EE84F1 /* CFNetwork.framework */; };
		DB9AAC4D1462296600EE84F1 /* libz.dylib in Frameworks */ = {isa = PBXBuildFile; fileRef = DB9AAC4A1462296600EE84F1 /* libz.dylib */; };
		DB9AAC4E1462296600EE84F1 /* MobileCoreServices.framework in Frameworks */ = {isa = PBXBuildFile; fileRef = DB9AAC4B1462296600EE84F1 /* MobileCoreServices.framework */; };
		DB9AAC4F1462296600EE84F1 /* SystemConfiguration.framework in Frameworks */ = {isa = PBXBuildFile; fileRef = DB9AAC4C1462296600EE84F1 /* SystemConfiguration.framework */; };
/* End PBXBuildFile section */

/* Begin PBXFileReference section */
		DB04213F14621181000740DE /* TheDuckWebcomics.app */ = {isa = PBXFileReference; explicitFileType = wrapper.application; includeInIndex = 0; path = TheDuckWebcomics.app; sourceTree = BUILT_PRODUCTS_DIR; };
		DB04214314621181000740DE /* UIKit.framework */ = {isa = PBXFileReference; lastKnownFileType = wrapper.framework; name = UIKit.framework; path = System/Library/Frameworks/UIKit.framework; sourceTree = SDKROOT; };
		DB04214514621181000740DE /* Foundation.framework */ = {isa = PBXFileReference; lastKnownFileType = wrapper.framework; name = Foundation.framework; path = System/Library/Frameworks/Foundation.framework; sourceTree = SDKROOT; };
		DB04214714621181000740DE /* CoreGraphics.framework */ = {isa = PBXFileReference; lastKnownFileType = wrapper.framework; name = CoreGraphics.framework; path = System/Library/Frameworks/CoreGraphics.framework; sourceTree = SDKROOT; };
		DB04214B14621181000740DE /* TheDuckWebcomics-Info.plist */ = {isa = PBXFileReference; lastKnownFileType = text.plist.xml; path = "TheDuckWebcomics-Info.plist"; sourceTree = "<group>"; };
		DB04214D14621181000740DE /* en */ = {isa = PBXFileReference; lastKnownFileType = text.plist.strings; name = en; path = en.lproj/InfoPlist.strings; sourceTree = "<group>"; };
		DB04214F14621181000740DE /* main.m */ = {isa = PBXFileReference; lastKnownFileType = sourcecode.c.objc; path = main.m; sourceTree = "<group>"; };
		DB04215114621181000740DE /* TheDuckWebcomics-Prefix.pch */ = {isa = PBXFileReference; lastKnownFileType = sourcecode.c.h; path = "TheDuckWebcomics-Prefix.pch"; sourceTree = "<group>"; };
		DB04215214621181000740DE /* AppDelegate.h */ = {isa = PBXFileReference; lastKnownFileType = sourcecode.c.h; path = AppDelegate.h; sourceTree = "<group>"; };
		DB04215314621181000740DE /* AppDelegate.m */ = {isa = PBXFileReference; lastKnownFileType = sourcecode.c.objc; path = AppDelegate.m; sourceTree = "<group>"; };
		DB04215514621181000740DE /* ViewController.h */ = {isa = PBXFileReference; lastKnownFileType = sourcecode.c.h; path = ViewController.h; sourceTree = "<group>"; };
		DB04215614621181000740DE /* ViewController.m */ = {isa = PBXFileReference; lastKnownFileType = sourcecode.c.objc; path = ViewController.m; sourceTree = "<group>"; };
		DB04215914621181000740DE /* en */ = {isa = PBXFileReference; lastKnownFileType = file.xib; name = en; path = en.lproj/ViewController.xib; sourceTree = "<group>"; };
		DB04216614621262000740DE /* avatar-generic-duck.png */ = {isa = PBXFileReference; lastKnownFileType = image.png; path = "avatar-generic-duck.png"; sourceTree = "<group>"; };
		DB04216714621262000740DE /* background.jpg */ = {isa = PBXFileReference; lastKnownFileType = image.jpeg; path = background.jpg; sourceTree = "<group>"; };
		DB04216814621262000740DE /* badge-quackcast.png */ = {isa = PBXFileReference; lastKnownFileType = image.png; path = "badge-quackcast.png"; sourceTree = "<group>"; };
		DB04216914621262000740DE /* badge-twitter.png */ = {isa = PBXFileReference; lastKnownFileType = image.png; path = "badge-twitter.png"; sourceTree = "<group>"; };
		DB04216A14621262000740DE /* bluesearchbutton.png */ = {isa = PBXFileReference; lastKnownFileType = image.png; path = bluesearchbutton.png; sourceTree = "<group>"; };
		DB04216B14621262000740DE /* DD-temp-podcast-badge.png */ = {isa = PBXFileReference; lastKnownFileType = image.png; path = "DD-temp-podcast-badge.png"; sourceTree = "<group>"; };
		DB04216C14621262000740DE /* drunk_duck_on_twitter.png */ = {isa = PBXFileReference; lastKnownFileType = image.png; path = drunk_duck_on_twitter.png; sourceTree = "<group>"; };
		DB04216D14621262000740DE /* drunkduck_favicon.png */ = {isa = PBXFileReference; lastKnownFileType = image.png; path = drunkduck_favicon.png; sourceTree = "<group>"; };
		DB04216E14621262000740DE /* drunkducklogo.png */ = {isa = PBXFileReference; lastKnownFileType = image.png; path = drunkducklogo.png; sourceTree = "<group>"; };
		DB04216F14621262000740DE /* egg-logo-small.png */ = {isa = PBXFileReference; lastKnownFileType = image.png; path = "egg-logo-small.png"; sourceTree = "<group>"; };
		DB04217014621262000740DE /* egg-logo.png */ = {isa = PBXFileReference; lastKnownFileType = image.png; path = "egg-logo.png"; sourceTree = "<group>"; };
		DB04217114621262000740DE /* quackcast-logo-sm.png */ = {isa = PBXFileReference; lastKnownFileType = image.png; path = "quackcast-logo-sm.png"; sourceTree = "<group>"; };
		DB04217214621262000740DE /* quackcast-pagebadge.png */ = {isa = PBXFileReference; lastKnownFileType = image.png; path = "quackcast-pagebadge.png"; sourceTree = "<group>"; };
		DB04217314621262000740DE /* quackcast.png */ = {isa = PBXFileReference; lastKnownFileType = image.png; path = quackcast.png; sourceTree = "<group>"; };
		DB04217414621262000740DE /* rss-badge.png */ = {isa = PBXFileReference; lastKnownFileType = image.png; path = "rss-badge.png"; sourceTree = "<group>"; };
		DB04217514621262000740DE /* Icon.png */ = {isa = PBXFileReference; lastKnownFileType = image.png; path = Icon.png; sourceTree = "<group>"; };
		DB04217614621262000740DE /* twitter-badge.png */ = {isa = PBXFileReference; lastKnownFileType = image.png; path = "twitter-badge.png"; sourceTree = "<group>"; };
		DB167AFD1463112F0037DA52 /* CoreData.framework */ = {isa = PBXFileReference; lastKnownFileType = wrapper.framework; name = CoreData.framework; path = System/Library/Frameworks/CoreData.framework; sourceTree = SDKROOT; };
		DB167B001463195D0037DA52 /* NSObject+SBJson.h */ = {isa = PBXFileReference; fileEncoding = 4; lastKnownFileType = sourcecode.c.h; path = "NSObject+SBJson.h"; sourceTree = "<group>"; };
		DB167B011463195D0037DA52 /* NSObject+SBJson.m */ = {isa = PBXFileReference; fileEncoding = 4; lastKnownFileType = sourcecode.c.objc; path = "NSObject+SBJson.m"; sourceTree = "<group>"; };
		DB167B021463195D0037DA52 /* SBJson.h */ = {isa = PBXFileReference; fileEncoding = 4; lastKnownFileType = sourcecode.c.h; path = SBJson.h; sourceTree = "<group>"; };
		DB167B031463195D0037DA52 /* SBJsonParser.h */ = {isa = PBXFileReference; fileEncoding = 4; lastKnownFileType = sourcecode.c.h; path = SBJsonParser.h; sourceTree = "<group>"; };
		DB167B041463195D0037DA52 /* SBJsonParser.m */ = {isa = PBXFileReference; fileEncoding = 4; lastKnownFileType = sourcecode.c.objc; path = SBJsonParser.m; sourceTree = "<group>"; };
		DB167B051463195D0037DA52 /* SBJsonStreamParser.h */ = {isa = PBXFileReference; fileEncoding = 4; lastKnownFileType = sourcecode.c.h; path = SBJsonStreamParser.h; sourceTree = "<group>"; };
		DB167B061463195D0037DA52 /* SBJsonStreamParser.m */ = {isa = PBXFileReference; fileEncoding = 4; lastKnownFileType = sourcecode.c.objc; path = SBJsonStreamParser.m; sourceTree = "<group>"; };
		DB167B071463195D0037DA52 /* SBJsonStreamParserAccumulator.h */ = {isa = PBXFileReference; fileEncoding = 4; lastKnownFileType = sourcecode.c.h; path = SBJsonStreamParserAccumulator.h; sourceTree = "<group>"; };
		DB167B081463195D0037DA52 /* SBJsonStreamParserAccumulator.m */ = {isa = PBXFileReference; fileEncoding = 4; lastKnownFileType = sourcecode.c.objc; path = SBJsonStreamParserAccumulator.m; sourceTree = "<group>"; };
		DB167B091463195D0037DA52 /* SBJsonStreamParserAdapter.h */ = {isa = PBXFileReference; fileEncoding = 4; lastKnownFileType = sourcecode.c.h; path = SBJsonStreamParserAdapter.h; sourceTree = "<group>"; };
		DB167B0A1463195D0037DA52 /* SBJsonStreamParserAdapter.m */ = {isa = PBXFileReference; fileEncoding = 4; lastKnownFileType = sourcecode.c.objc; path = SBJsonStreamParserAdapter.m; sourceTree = "<group>"; };
		DB167B0B1463195D0037DA52 /* SBJsonStreamParserState.h */ = {isa = PBXFileReference; fileEncoding = 4; lastKnownFileType = sourcecode.c.h; path = SBJsonStreamParserState.h; sourceTree = "<group>"; };
		DB167B0C1463195D0037DA52 /* SBJsonStreamParserState.m */ = {isa = PBXFileReference; fileEncoding = 4; lastKnownFileType = sourcecode.c.objc; path = SBJsonStreamParserState.m; sourceTree = "<group>"; };
		DB167B0D1463195D0037DA52 /* SBJsonStreamWriter.h */ = {isa = PBXFileReference; fileEncoding = 4; lastKnownFileType = sourcecode.c.h; path = SBJsonStreamWriter.h; sourceTree = "<group>"; };
		DB167B0E1463195D0037DA52 /* SBJsonStreamWriter.m */ = {isa = PBXFileReference; fileEncoding = 4; lastKnownFileType = sourcecode.c.objc; path = SBJsonStreamWriter.m; sourceTree = "<group>"; };
		DB167B0F1463195D0037DA52 /* SBJsonStreamWriterAccumulator.h */ = {isa = PBXFileReference; fileEncoding = 4; lastKnownFileType = sourcecode.c.h; path = SBJsonStreamWriterAccumulator.h; sourceTree = "<group>"; };
		DB167B101463195D0037DA52 /* SBJsonStreamWriterAccumulator.m */ = {isa = PBXFileReference; fileEncoding = 4; lastKnownFileType = sourcecode.c.objc; path = SBJsonStreamWriterAccumulator.m; sourceTree = "<group>"; };
		DB167B111463195D0037DA52 /* SBJsonStreamWriterState.h */ = {isa = PBXFileReference; fileEncoding = 4; lastKnownFileType = sourcecode.c.h; path = SBJsonStreamWriterState.h; sourceTree = "<group>"; };
		DB167B121463195D0037DA52 /* SBJsonStreamWriterState.m */ = {isa = PBXFileReference; fileEncoding = 4; lastKnownFileType = sourcecode.c.objc; path = SBJsonStreamWriterState.m; sourceTree = "<group>"; };
		DB167B131463195D0037DA52 /* SBJsonTokeniser.h */ = {isa = PBXFileReference; fileEncoding = 4; lastKnownFileType = sourcecode.c.h; path = SBJsonTokeniser.h; sourceTree = "<group>"; };
		DB167B141463195D0037DA52 /* SBJsonTokeniser.m */ = {isa = PBXFileReference; fileEncoding = 4; lastKnownFileType = sourcecode.c.objc; path = SBJsonTokeniser.m; sourceTree = "<group>"; };
		DB167B151463195D0037DA52 /* SBJsonUTF8Stream.h */ = {isa = PBXFileReference; fileEncoding = 4; lastKnownFileType = sourcecode.c.h; path = SBJsonUTF8Stream.h; sourceTree = "<group>"; };
		DB167B161463195D0037DA52 /* SBJsonUTF8Stream.m */ = {isa = PBXFileReference; fileEncoding = 4; lastKnownFileType = sourcecode.c.objc; path = SBJsonUTF8Stream.m; sourceTree = "<group>"; };
		DB167B171463195D0037DA52 /* SBJsonWriter.h */ = {isa = PBXFileReference; fileEncoding = 4; lastKnownFileType = sourcecode.c.h; path = SBJsonWriter.h; sourceTree = "<group>"; };
		DB167B181463195D0037DA52 /* SBJsonWriter.m */ = {isa = PBXFileReference; fileEncoding = 4; lastKnownFileType = sourcecode.c.objc; path = SBJsonWriter.m; sourceTree = "<group>"; };
		DB73CA8B14624D3400FF339F /* Reachability.h */ = {isa = PBXFileReference; fileEncoding = 4; lastKnownFileType = sourcecode.c.h; path = Reachability.h; sourceTree = "<group>"; };
		DB73CA8C14624D3400FF339F /* Reachability.m */ = {isa = PBXFileReference; fileEncoding = 4; lastKnownFileType = sourcecode.c.objc; path = Reachability.m; sourceTree = "<group>"; };
		DB9AABFF14621B7600EE84F1 /* ListController.h */ = {isa = PBXFileReference; fileEncoding = 4; lastKnownFileType = sourcecode.c.h; path = ListController.h; sourceTree = "<group>"; };
		DB9AAC0014621B7600EE84F1 /* ListController.m */ = {isa = PBXFileReference; fileEncoding = 4; lastKnownFileType = sourcecode.c.objc; path = ListController.m; sourceTree = "<group>"; };
		DB9AAC0114621B7600EE84F1 /* ListController.xib */ = {isa = PBXFileReference; fileEncoding = 4; lastKnownFileType = file.xib; path = ListController.xib; sourceTree = "<group>"; };
		DB9AAC061462224C00EE84F1 /* DetailController.h */ = {isa = PBXFileReference; fileEncoding = 4; lastKnownFileType = sourcecode.c.h; path = DetailController.h; sourceTree = "<group>"; };
		DB9AAC071462224C00EE84F1 /* DetailController.m */ = {isa = PBXFileReference; fileEncoding = 4; lastKnownFileType = sourcecode.c.objc; path = DetailController.m; sourceTree = "<group>"; };
		DB9AAC081462224C00EE84F1 /* DetailController.xib */ = {isa = PBXFileReference; fileEncoding = 4; lastKnownFileType = file.xib; path = DetailController.xib; sourceTree = "<group>"; };
		DB9AAC481462292300EE84F1 /* CFNetwork.framework */ = {isa = PBXFileReference; lastKnownFileType = wrapper.framework; name = CFNetwork.framework; path = System/Library/Frameworks/CFNetwork.framework; sourceTree = SDKROOT; };
		DB9AAC4A1462296600EE84F1 /* libz.dylib */ = {isa = PBXFileReference; lastKnownFileType = "compiled.mach-o.dylib"; name = libz.dylib; path = usr/lib/libz.dylib; sourceTree = SDKROOT; };
		DB9AAC4B1462296600EE84F1 /* MobileCoreServices.framework */ = {isa = PBXFileReference; lastKnownFileType = wrapper.framework; name = MobileCoreServices.framework; path = System/Library/Frameworks/MobileCoreServices.framework; sourceTree = SDKROOT; };
		DB9AAC4C1462296600EE84F1 /* SystemConfiguration.framework */ = {isa = PBXFileReference; lastKnownFileType = wrapper.framework; name = SystemConfiguration.framework; path = System/Library/Frameworks/SystemConfiguration.framework; sourceTree = SDKROOT; };
/* End PBXFileReference section */

/* Begin PBXFrameworksBuildPhase section */
		DB04213C14621181000740DE /* Frameworks */ = {
			isa = PBXFrameworksBuildPhase;
			buildActionMask = 2147483647;
			files = (
				DB167AFE1463112F0037DA52 /* CoreData.framework in Frameworks */,
				DB9AAC4D1462296600EE84F1 /* libz.dylib in Frameworks */,
				DB9AAC4E1462296600EE84F1 /* MobileCoreServices.framework in Frameworks */,
				DB9AAC4F1462296600EE84F1 /* SystemConfiguration.framework in Frameworks */,
				DB9AAC491462292300EE84F1 /* CFNetwork.framework in Frameworks */,
				DB04214414621181000740DE /* UIKit.framework in Frameworks */,
				DB04214614621181000740DE /* Foundation.framework in Frameworks */,
				DB04214814621181000740DE /* CoreGraphics.framework in Frameworks */,
			);
			runOnlyForDeploymentPostprocessing = 0;
		};
/* End PBXFrameworksBuildPhase section */

/* Begin PBXGroup section */
		DB04213414621181000740DE = {
			isa = PBXGroup;
			children = (
				DB04214914621181000740DE /* TheDuckWebcomics */,
				DB04214214621181000740DE /* Frameworks */,
				DB04214014621181000740DE /* Products */,
			);
			sourceTree = "<group>";
		};
		DB04214014621181000740DE /* Products */ = {
			isa = PBXGroup;
			children = (
				DB04213F14621181000740DE /* TheDuckWebcomics.app */,
			);
			name = Products;
			sourceTree = "<group>";
		};
		DB04214214621181000740DE /* Frameworks */ = {
			isa = PBXGroup;
			children = (
				DB167AFD1463112F0037DA52 /* CoreData.framework */,
				DB9AAC4A1462296600EE84F1 /* libz.dylib */,
				DB9AAC4B1462296600EE84F1 /* MobileCoreServices.framework */,
				DB9AAC4C1462296600EE84F1 /* SystemConfiguration.framework */,
				DB9AAC481462292300EE84F1 /* CFNetwork.framework */,
				DB04214314621181000740DE /* UIKit.framework */,
				DB04214514621181000740DE /* Foundation.framework */,
				DB04214714621181000740DE /* CoreGraphics.framework */,
			);
			name = Frameworks;
			sourceTree = "<group>";
		};
		DB04214914621181000740DE /* TheDuckWebcomics */ = {
			isa = PBXGroup;
			children = (
				DB9AAC0514621B8700EE84F1 /* Resources */,
				DB04216514621211000740DE /* Images */,
				DB042164146211FA000740DE /* Classes */,
				DB04215214621181000740DE /* AppDelegate.h */,
				DB04215314621181000740DE /* AppDelegate.m */,
				DB04214A14621181000740DE /* Supporting Files */,
			);
			path = TheDuckWebcomics;
			sourceTree = "<group>";
		};
		DB04214A14621181000740DE /* Supporting Files */ = {
			isa = PBXGroup;
			children = (
				DB04214B14621181000740DE /* TheDuckWebcomics-Info.plist */,
				DB04214C14621181000740DE /* InfoPlist.strings */,
				DB04214F14621181000740DE /* main.m */,
				DB04215114621181000740DE /* TheDuckWebcomics-Prefix.pch */,
			);
			name = "Supporting Files";
			sourceTree = "<group>";
		};
		DB042164146211FA000740DE /* Classes */ = {
			isa = PBXGroup;
			children = (
				DB167AFF1463193C0037DA52 /* SBJson */,
				DB9AAC351462246300EE84F1 /* Reachability */,
				DB9AABFF14621B7600EE84F1 /* ListController.h */,
				DB9AAC0014621B7600EE84F1 /* ListController.m */,
				DB9AAC061462224C00EE84F1 /* DetailController.h */,
				DB9AAC071462224C00EE84F1 /* DetailController.m */,
				DB04215514621181000740DE /* ViewController.h */,
				DB04215614621181000740DE /* ViewController.m */,
			);
			name = Classes;
			sourceTree = "<group>";
		};
		DB04216514621211000740DE /* Images */ = {
			isa = PBXGroup;
			children = (
				DB04216614621262000740DE /* avatar-generic-duck.png */,
				DB04216714621262000740DE /* background.jpg */,
				DB04216814621262000740DE /* badge-quackcast.png */,
				DB04216914621262000740DE /* badge-twitter.png */,
				DB04216A14621262000740DE /* bluesearchbutton.png */,
				DB04216B14621262000740DE /* DD-temp-podcast-badge.png */,
				DB04216C14621262000740DE /* drunk_duck_on_twitter.png */,
				DB04216D14621262000740DE /* drunkduck_favicon.png */,
				DB04216E14621262000740DE /* drunkducklogo.png */,
				DB04216F14621262000740DE /* egg-logo-small.png */,
				DB04217014621262000740DE /* egg-logo.png */,
				DB04217114621262000740DE /* quackcast-logo-sm.png */,
				DB04217214621262000740DE /* quackcast-pagebadge.png */,
				DB04217314621262000740DE /* quackcast.png */,
				DB04217414621262000740DE /* rss-badge.png */,
				DB04217514621262000740DE /* Icon.png */,
				DB04217614621262000740DE /* twitter-badge.png */,
			);
			name = Images;
			sourceTree = "<group>";
		};
		DB167AFF1463193C0037DA52 /* SBJson */ = {
			isa = PBXGroup;
			children = (
				DB167B001463195D0037DA52 /* NSObject+SBJson.h */,
				DB167B011463195D0037DA52 /* NSObject+SBJson.m */,
				DB167B021463195D0037DA52 /* SBJson.h */,
				DB167B031463195D0037DA52 /* SBJsonParser.h */,
				DB167B041463195D0037DA52 /* SBJsonParser.m */,
				DB167B051463195D0037DA52 /* SBJsonStreamParser.h */,
				DB167B061463195D0037DA52 /* SBJsonStreamParser.m */,
				DB167B071463195D0037DA52 /* SBJsonStreamParserAccumulator.h */,
				DB167B081463195D0037DA52 /* SBJsonStreamParserAccumulator.m */,
				DB167B091463195D0037DA52 /* SBJsonStreamParserAdapter.h */,
				DB167B0A1463195D0037DA52 /* SBJsonStreamParserAdapter.m */,
				DB167B0B1463195D0037DA52 /* SBJsonStreamParserState.h */,
				DB167B0C1463195D0037DA52 /* SBJsonStreamParserState.m */,
				DB167B0D1463195D0037DA52 /* SBJsonStreamWriter.h */,
				DB167B0E1463195D0037DA52 /* SBJsonStreamWriter.m */,
				DB167B0F1463195D0037DA52 /* SBJsonStreamWriterAccumulator.h */,
				DB167B101463195D0037DA52 /* SBJsonStreamWriterAccumulator.m */,
				DB167B111463195D0037DA52 /* SBJsonStreamWriterState.h */,
				DB167B121463195D0037DA52 /* SBJsonStreamWriterState.m */,
				DB167B131463195D0037DA52 /* SBJsonTokeniser.h */,
				DB167B141463195D0037DA52 /* SBJsonTokeniser.m */,
				DB167B151463195D0037DA52 /* SBJsonUTF8Stream.h */,
				DB167B161463195D0037DA52 /* SBJsonUTF8Stream.m */,
				DB167B171463195D0037DA52 /* SBJsonWriter.h */,
				DB167B181463195D0037DA52 /* SBJsonWriter.m */,
			);
			name = SBJson;
			sourceTree = "<group>";
		};
		DB9AAC0514621B8700EE84F1 /* Resources */ = {
			isa = PBXGroup;
			children = (
				DB9AAC081462224C00EE84F1 /* DetailController.xib */,
				DB9AAC0114621B7600EE84F1 /* ListController.xib */,
				DB04215814621181000740DE /* ViewController.xib */,
			);
			name = Resources;
			sourceTree = "<group>";
		};
		DB9AAC351462246300EE84F1 /* Reachability */ = {
			isa = PBXGroup;
			children = (
				DB73CA8B14624D3400FF339F /* Reachability.h */,
				DB73CA8C14624D3400FF339F /* Reachability.m */,
			);
			name = Reachability;
			sourceTree = "<group>";
		};
/* End PBXGroup section */

/* Begin PBXNativeTarget section */
		DB04213E14621181000740DE /* TheDuckWebcomics */ = {
			isa = PBXNativeTarget;
			buildConfigurationList = DB04215D14621181000740DE /* Build configuration list for PBXNativeTarget "TheDuckWebcomics" */;
			buildPhases = (
				DB04213B14621181000740DE /* Sources */,
				DB04213C14621181000740DE /* Frameworks */,
				DB04213D14621181000740DE /* Resources */,
			);
			buildRules = (
			);
			dependencies = (
			);
			name = TheDuckWebcomics;
			productName = TheDuckWebcomics;
			productReference = DB04213F14621181000740DE /* TheDuckWebcomics.app */;
			productType = "com.apple.product-type.application";
		};
/* End PBXNativeTarget section */

/* Begin PBXProject section */
		DB04213614621181000740DE /* Project object */ = {
			isa = PBXProject;
			attributes = {
				LastUpgradeCheck = 0420;
				ORGANIZATIONNAME = "Alliance Acquisitions, Inc.";
			};
			buildConfigurationList = DB04213914621181000740DE /* Build configuration list for PBXProject "TheDuckWebcomics" */;
			compatibilityVersion = "Xcode 3.2";
			developmentRegion = English;
			hasScannedForEncodings = 0;
			knownRegions = (
				en,
			);
			mainGroup = DB04213414621181000740DE;
			productRefGroup = DB04214014621181000740DE /* Products */;
			projectDirPath = "";
			projectRoot = "";
			targets = (
				DB04213E14621181000740DE /* TheDuckWebcomics */,
			);
		};
/* End PBXProject section */

/* Begin PBXResourcesBuildPhase section */
		DB04213D14621181000740DE /* Resources */ = {
			isa = PBXResourcesBuildPhase;
			buildActionMask = 2147483647;
			files = (
				DB04214E14621181000740DE /* InfoPlist.strings in Resources */,
				DB04215A14621181000740DE /* ViewController.xib in Resources */,
				DB04217714621262000740DE /* avatar-generic-duck.png in Resources */,
				DB04217814621262000740DE /* background.jpg in Resources */,
				DB04217914621262000740DE /* badge-quackcast.png in Resources */,
				DB04217A14621262000740DE /* badge-twitter.png in Resources */,
				DB04217B14621262000740DE /* bluesearchbutton.png in Resources */,
				DB04217C14621262000740DE /* DD-temp-podcast-badge.png in Resources */,
				DB04217D14621262000740DE /* drunk_duck_on_twitter.png in Resources */,
				DB04217E14621262000740DE /* drunkduck_favicon.png in Resources */,
				DB04217F14621262000740DE /* drunkducklogo.png in Resources */,
				DB04218014621262000740DE /* egg-logo-small.png in Resources */,
				DB04218114621262000740DE /* egg-logo.png in Resources */,
				DB04218214621262000740DE /* quackcast-logo-sm.png in Resources */,
				DB04218314621262000740DE /* quackcast-pagebadge.png in Resources */,
				DB04218414621262000740DE /* quackcast.png in Resources */,
				DB04218514621262000740DE /* rss-badge.png in Resources */,
				DB04218614621262000740DE /* Icon.png in Resources */,
				DB04218714621262000740DE /* twitter-badge.png in Resources */,
				DB9AAC0314621B7600EE84F1 /* ListController.xib in Resources */,
				DB9AAC0A1462224C00EE84F1 /* DetailController.xib in Resources */,
			);
			runOnlyForDeploymentPostprocessing = 0;
		};
/* End PBXResourcesBuildPhase section */

/* Begin PBXSourcesBuildPhase section */
		DB04213B14621181000740DE /* Sources */ = {
			isa = PBXSourcesBuildPhase;
			buildActionMask = 2147483647;
			files = (
				DB04215014621181000740DE /* main.m in Sources */,
				DB04215414621181000740DE /* AppDelegate.m in Sources */,
				DB04215714621181000740DE /* ViewController.m in Sources */,
				DB9AAC0214621B7600EE84F1 /* ListController.m in Sources */,
				DB9AAC091462224C00EE84F1 /* DetailController.m in Sources */,
				DB73CA8D14624D3400FF339F /* Reachability.m in Sources */,
				DB167B191463195D0037DA52 /* NSObject+SBJson.m in Sources */,
				DB167B1A1463195D0037DA52 /* SBJsonParser.m in Sources */,
				DB167B1B1463195D0037DA52 /* SBJsonStreamParser.m in Sources */,
				DB167B1C1463195D0037DA52 /* SBJsonStreamParserAccumulator.m in Sources */,
				DB167B1D1463195D0037DA52 /* SBJsonStreamParserAdapter.m in Sources */,
				DB167B1E1463195D0037DA52 /* SBJsonStreamParserState.m in Sources */,
				DB167B1F1463195D0037DA52 /* SBJsonStreamWriter.m in Sources */,
				DB167B201463195D0037DA52 /* SBJsonStreamWriterAccumulator.m in Sources */,
				DB167B211463195D0037DA52 /* SBJsonStreamWriterState.m in Sources */,
				DB167B221463195D0037DA52 /* SBJsonTokeniser.m in Sources */,
				DB167B231463195D0037DA52 /* SBJsonUTF8Stream.m in Sources */,
				DB167B241463195D0037DA52 /* SBJsonWriter.m in Sources */,
			);
			runOnlyForDeploymentPostprocessing = 0;
		};
/* End PBXSourcesBuildPhase section */

/* Begin PBXVariantGroup section */
		DB04214C14621181000740DE /* InfoPlist.strings */ = {
			isa = PBXVariantGroup;
			children = (
				DB04214D14621181000740DE /* en */,
			);
			name = InfoPlist.strings;
			sourceTree = "<group>";
		};
		DB04215814621181000740DE /* ViewController.xib */ = {
			isa = PBXVariantGroup;
			children = (
				DB04215914621181000740DE /* en */,
			);
			name = ViewController.xib;
			sourceTree = "<group>";
		};
/* End PBXVariantGroup section */

/* Begin XCBuildConfiguration section */
		DB04215B14621181000740DE /* Debug */ = {
			isa = XCBuildConfiguration;
			buildSettings = {
				ALWAYS_SEARCH_USER_PATHS = NO;
				ARCHS = "$(ARCHS_STANDARD_32_BIT)";
				CLANG_ENABLE_OBJC_ARC = YES;
				"CODE_SIGN_IDENTITY[sdk=iphoneos*]" = "iPhone Developer";
				COPY_PHASE_STRIP = NO;
				GCC_C_LANGUAGE_STANDARD = gnu99;
				GCC_DYNAMIC_NO_PIC = NO;
				GCC_OPTIMIZATION_LEVEL = 0;
				GCC_PREPROCESSOR_DEFINITIONS = (
					"DEBUG=1",
					"$(inherited)",
				);
				GCC_SYMBOLS_PRIVATE_EXTERN = NO;
				GCC_VERSION = com.apple.compilers.llvm.clang.1_0;
				GCC_WARN_ABOUT_MISSING_PROTOTYPES = YES;
				GCC_WARN_ABOUT_RETURN_TYPE = YES;
				GCC_WARN_UNUSED_VARIABLE = YES;
				IPHONEOS_DEPLOYMENT_TARGET = 5.0;
				SDKROOT = iphoneos;
			};
			name = Debug;
		};
		DB04215C14621181000740DE /* Release */ = {
			isa = XCBuildConfiguration;
			buildSettings = {
				ALWAYS_SEARCH_USER_PATHS = NO;
				ARCHS = "$(ARCHS_STANDARD_32_BIT)";
				CLANG_ENABLE_OBJC_ARC = YES;
				"CODE_SIGN_IDENTITY[sdk=iphoneos*]" = "iPhone Developer";
				COPY_PHASE_STRIP = YES;
				GCC_C_LANGUAGE_STANDARD = gnu99;
				GCC_VERSION = com.apple.compilers.llvm.clang.1_0;
				GCC_WARN_ABOUT_MISSING_PROTOTYPES = YES;
				GCC_WARN_ABOUT_RETURN_TYPE = YES;
				GCC_WARN_UNUSED_VARIABLE = YES;
				IPHONEOS_DEPLOYMENT_TARGET = 5.0;
				OTHER_CFLAGS = "-DNS_BLOCK_ASSERTIONS=1";
				SDKROOT = iphoneos;
				VALIDATE_PRODUCT = YES;
			};
			name = Release;
		};
		DB04215E14621181000740DE /* Debug */ = {
			isa = XCBuildConfiguration;
			buildSettings = {
				GCC_PRECOMPILE_PREFIX_HEADER = YES;
				GCC_PREFIX_HEADER = "TheDuckWebcomics/TheDuckWebcomics-Prefix.pch";
				INFOPLIST_FILE = "TheDuckWebcomics/TheDuckWebcomics-Info.plist";
				PRODUCT_NAME = "$(TARGET_NAME)";
				WRAPPER_EXTENSION = app;
			};
			name = Debug;
		};
		DB04215F14621181000740DE /* Release */ = {
			isa = XCBuildConfiguration;
			buildSettings = {
				GCC_PRECOMPILE_PREFIX_HEADER = YES;
				GCC_PREFIX_HEADER = "TheDuckWebcomics/TheDuckWebcomics-Prefix.pch";
				INFOPLIST_FILE = "TheDuckWebcomics/TheDuckWebcomics-Info.plist";
				PRODUCT_NAME = "$(TARGET_NAME)";
				WRAPPER_EXTENSION = app;
			};
			name = Release;
		};
/* End XCBuildConfiguration section */

/* Begin XCConfigurationList section */
		DB04213914621181000740DE /* Build configuration list for PBXProject "TheDuckWebcomics" */ = {
			isa = XCConfigurationList;
			buildConfigurations = (
				DB04215B14621181000740DE /* Debug */,
				DB04215C14621181000740DE /* Release */,
			);
			defaultConfigurationIsVisible = 0;
			defaultConfigurationName = Release;
		};
		DB04215D14621181000740DE /* Build configuration list for PBXNativeTarget "TheDuckWebcomics" */ = {
			isa = XCConfigurationList;
			buildConfigurations = (
				DB04215E14621181000740DE /* Debug */,
				DB04215F14621181000740DE /* Release */,
			);
			defaultConfigurationIsVisible = 0;
			defaultConfigurationName = Release;
		};
/* End XCConfigurationList section */
	};
	rootObject = DB04213614621181000740DE /* Project object */;
}
